// !$*UTF8*$!
{
	archiveVersion = 1;
	classes = {
	};
	objectVersion = 46;
	objects = {

/* Begin PBXBuildFile section */
		B1391CB3138B410200DAC9D1 /* Cocoa.framework in Frameworks */ = {isa = PBXBuildFile; fileRef = B1391CB2138B410200DAC9D1 /* Cocoa.framework */; };
		B1391CBD138B410200DAC9D1 /* InfoPlist.strings in Resources */ = {isa = PBXBuildFile; fileRef = B1391CBB138B410200DAC9D1 /* InfoPlist.strings */; };
		B1391CC0138B410200DAC9D1 /* main.m in Sources */ = {isa = PBXBuildFile; fileRef = B1391CBF138B410200DAC9D1 /* main.m */; };
		B1391CC3138B410200DAC9D1 /* Credits.rtf in Resources */ = {isa = PBXBuildFile; fileRef = B1391CC1138B410200DAC9D1 /* Credits.rtf */; };
		B1391CC6138B410200DAC9D1 /* xTracksAppDelegate.m in Sources */ = {isa = PBXBuildFile; fileRef = B1391CC5138B410200DAC9D1 /* xTracksAppDelegate.m */; };
		B1391CC9138B410200DAC9D1 /* MainMenu.xib in Resources */ = {isa = PBXBuildFile; fileRef = B1391CC7138B410200DAC9D1 /* MainMenu.xib */; };
		B1391CD0138B410200DAC9D1 /* Cocoa.framework in Frameworks */ = {isa = PBXBuildFile; fileRef = B1391CB2138B410200DAC9D1 /* Cocoa.framework */; };
		B1391CD8138B410200DAC9D1 /* InfoPlist.strings in Resources */ = {isa = PBXBuildFile; fileRef = B1391CD6138B410200DAC9D1 /* InfoPlist.strings */; };
		B1391CDB138B410200DAC9D1 /* xTracksTests.h in Resources */ = {isa = PBXBuildFile; fileRef = B1391CDA138B410200DAC9D1 /* xTracksTests.h */; };
		B1391CDD138B410200DAC9D1 /* xTracksTests.m in Sources */ = {isa = PBXBuildFile; fileRef = B1391CDC138B410200DAC9D1 /* xTracksTests.m */; };
		B1391CE8138B429800DAC9D1 /* JSONKit.m in Sources */ = {isa = PBXBuildFile; fileRef = B1391CE7138B429800DAC9D1 /* JSONKit.m */; };
		B1391CEB138B42D200DAC9D1 /* PX8tracksAccess.m in Sources */ = {isa = PBXBuildFile; fileRef = B1391CEA138B42D200DAC9D1 /* PX8tracksAccess.m */; };
		B1391D02138B441500DAC9D1 /* ASIDataCompressor.m in Sources */ = {isa = PBXBuildFile; fileRef = B1391CF1138B441500DAC9D1 /* ASIDataCompressor.m */; };
		B1391D03138B441500DAC9D1 /* ASIDataDecompressor.m in Sources */ = {isa = PBXBuildFile; fileRef = B1391CF3138B441500DAC9D1 /* ASIDataDecompressor.m */; };
		B1391D04138B441500DAC9D1 /* ASIDownloadCache.m in Sources */ = {isa = PBXBuildFile; fileRef = B1391CF5138B441500DAC9D1 /* ASIDownloadCache.m */; };
		B1391D05138B441500DAC9D1 /* ASIFormDataRequest.m in Sources */ = {isa = PBXBuildFile; fileRef = B1391CF7138B441500DAC9D1 /* ASIFormDataRequest.m */; };
		B1391D06138B441500DAC9D1 /* ASIHTTPRequest.m in Sources */ = {isa = PBXBuildFile; fileRef = B1391CF9138B441500DAC9D1 /* ASIHTTPRequest.m */; };
		B1391D07138B441500DAC9D1 /* ASIInputStream.m in Sources */ = {isa = PBXBuildFile; fileRef = B1391CFD138B441500DAC9D1 /* ASIInputStream.m */; };
		B1391D08138B441500DAC9D1 /* ASINetworkQueue.m in Sources */ = {isa = PBXBuildFile; fileRef = B1391CFF138B441500DAC9D1 /* ASINetworkQueue.m */; };
		B1391D0B138B446400DAC9D1 /* SystemConfiguration.framework in Frameworks */ = {isa = PBXBuildFile; fileRef = B1391D0A138B446400DAC9D1 /* SystemConfiguration.framework */; };
		B1391D0D138B447A00DAC9D1 /* libz.dylib in Frameworks */ = {isa = PBXBuildFile; fileRef = B1391D0C138B447A00DAC9D1 /* libz.dylib */; };
		B1391D0F138B448700DAC9D1 /* CoreServices.framework in Frameworks */ = {isa = PBXBuildFile; fileRef = B1391D0E138B448700DAC9D1 /* CoreServices.framework */; };
/* End PBXBuildFile section */

/* Begin PBXContainerItemProxy section */
		B1391CD1138B410200DAC9D1 /* PBXContainerItemProxy */ = {
			isa = PBXContainerItemProxy;
			containerPortal = B1391CA5138B410200DAC9D1 /* Project object */;
			proxyType = 1;
			remoteGlobalIDString = B1391CAD138B410200DAC9D1;
			remoteInfo = xTracks;
		};
/* End PBXContainerItemProxy section */

/* Begin PBXFileReference section */
		B1391CAE138B410200DAC9D1 /* xTracks.app */ = {isa = PBXFileReference; explicitFileType = wrapper.application; includeInIndex = 0; path = xTracks.app; sourceTree = BUILT_PRODUCTS_DIR; };
		B1391CB2138B410200DAC9D1 /* Cocoa.framework */ = {isa = PBXFileReference; lastKnownFileType = wrapper.framework; name = Cocoa.framework; path = System/Library/Frameworks/Cocoa.framework; sourceTree = SDKROOT; };
		B1391CB5138B410200DAC9D1 /* AppKit.framework */ = {isa = PBXFileReference; lastKnownFileType = wrapper.framework; name = AppKit.framework; path = System/Library/Frameworks/AppKit.framework; sourceTree = SDKROOT; };
		B1391CB6138B410200DAC9D1 /* CoreData.framework */ = {isa = PBXFileReference; lastKnownFileType = wrapper.framework; name = CoreData.framework; path = System/Library/Frameworks/CoreData.framework; sourceTree = SDKROOT; };
		B1391CB7138B410200DAC9D1 /* Foundation.framework */ = {isa = PBXFileReference; lastKnownFileType = wrapper.framework; name = Foundation.framework; path = System/Library/Frameworks/Foundation.framework; sourceTree = SDKROOT; };
		B1391CBA138B410200DAC9D1 /* xTracks-Info.plist */ = {isa = PBXFileReference; lastKnownFileType = text.plist.xml; path = "xTracks-Info.plist"; sourceTree = "<group>"; };
		B1391CBC138B410200DAC9D1 /* en */ = {isa = PBXFileReference; lastKnownFileType = text.plist.strings; name = en; path = en.lproj/InfoPlist.strings; sourceTree = "<group>"; };
		B1391CBE138B410200DAC9D1 /* xTracks-Prefix.pch */ = {isa = PBXFileReference; lastKnownFileType = sourcecode.c.h; path = "xTracks-Prefix.pch"; sourceTree = "<group>"; };
		B1391CBF138B410200DAC9D1 /* main.m */ = {isa = PBXFileReference; lastKnownFileType = sourcecode.c.objc; path = main.m; sourceTree = "<group>"; };
		B1391CC2138B410200DAC9D1 /* en */ = {isa = PBXFileReference; lastKnownFileType = text.rtf; name = en; path = en.lproj/Credits.rtf; sourceTree = "<group>"; };
		B1391CC4138B410200DAC9D1 /* xTracksAppDelegate.h */ = {isa = PBXFileReference; lastKnownFileType = sourcecode.c.h; path = xTracksAppDelegate.h; sourceTree = "<group>"; };
		B1391CC5138B410200DAC9D1 /* xTracksAppDelegate.m */ = {isa = PBXFileReference; lastKnownFileType = sourcecode.c.objc; path = xTracksAppDelegate.m; sourceTree = "<group>"; };
		B1391CC8138B410200DAC9D1 /* en */ = {isa = PBXFileReference; lastKnownFileType = file.xib; name = en; path = en.lproj/MainMenu.xib; sourceTree = "<group>"; };
		B1391CCF138B410200DAC9D1 /* xTracksTests.octest */ = {isa = PBXFileReference; explicitFileType = wrapper.cfbundle; includeInIndex = 0; path = xTracksTests.octest; sourceTree = BUILT_PRODUCTS_DIR; };
		B1391CD5138B410200DAC9D1 /* xTracksTests-Info.plist */ = {isa = PBXFileReference; lastKnownFileType = text.plist.xml; path = "xTracksTests-Info.plist"; sourceTree = "<group>"; };
		B1391CD7138B410200DAC9D1 /* en */ = {isa = PBXFileReference; lastKnownFileType = text.plist.strings; name = en; path = en.lproj/InfoPlist.strings; sourceTree = "<group>"; };
		B1391CD9138B410200DAC9D1 /* xTracksTests-Prefix.pch */ = {isa = PBXFileReference; lastKnownFileType = sourcecode.c.h; path = "xTracksTests-Prefix.pch"; sourceTree = "<group>"; };
		B1391CDA138B410200DAC9D1 /* xTracksTests.h */ = {isa = PBXFileReference; lastKnownFileType = sourcecode.c.h; path = xTracksTests.h; sourceTree = "<group>"; };
		B1391CDC138B410200DAC9D1 /* xTracksTests.m */ = {isa = PBXFileReference; lastKnownFileType = sourcecode.c.objc; path = xTracksTests.m; sourceTree = "<group>"; };
		B1391CE6138B429800DAC9D1 /* JSONKit.h */ = {isa = PBXFileReference; fileEncoding = 4; lastKnownFileType = sourcecode.c.h; name = JSONKit.h; path = JSONKit/JSONKit.h; sourceTree = SOURCE_ROOT; };
		B1391CE7138B429800DAC9D1 /* JSONKit.m */ = {isa = PBXFileReference; fileEncoding = 4; lastKnownFileType = sourcecode.c.objc; name = JSONKit.m; path = JSONKit/JSONKit.m; sourceTree = SOURCE_ROOT; };
		B1391CE9138B42D200DAC9D1 /* PX8tracksAccess.h */ = {isa = PBXFileReference; fileEncoding = 4; lastKnownFileType = sourcecode.c.h; path = PX8tracksAccess.h; sourceTree = "<group>"; };
		B1391CEA138B42D200DAC9D1 /* PX8tracksAccess.m */ = {isa = PBXFileReference; fileEncoding = 4; lastKnownFileType = sourcecode.c.objc; path = PX8tracksAccess.m; sourceTree = "<group>"; };
		B1391CEF138B441500DAC9D1 /* ASICacheDelegate.h */ = {isa = PBXFileReference; fileEncoding = 4; lastKnownFileType = sourcecode.c.h; name = ASICacheDelegate.h; path = "asi-http-request/Classes/ASICacheDelegate.h"; sourceTree = SOURCE_ROOT; };
		B1391CF0138B441500DAC9D1 /* ASIDataCompressor.h */ = {isa = PBXFileReference; fileEncoding = 4; lastKnownFileType = sourcecode.c.h; name = ASIDataCompressor.h; path = "asi-http-request/Classes/ASIDataCompressor.h"; sourceTree = SOURCE_ROOT; };
		B1391CF1138B441500DAC9D1 /* ASIDataCompressor.m */ = {isa = PBXFileReference; fileEncoding = 4; lastKnownFileType = sourcecode.c.objc; name = ASIDataCompressor.m; path = "asi-http-request/Classes/ASIDataCompressor.m"; sourceTree = SOURCE_ROOT; };
		B1391CF2138B441500DAC9D1 /* ASIDataDecompressor.h */ = {isa = PBXFileReference; fileEncoding = 4; lastKnownFileType = sourcecode.c.h; name = ASIDataDecompressor.h; path = "asi-http-request/Classes/ASIDataDecompressor.h"; sourceTree = SOURCE_ROOT; };
		B1391CF3138B441500DAC9D1 /* ASIDataDecompressor.m */ = {isa = PBXFileReference; fileEncoding = 4; lastKnownFileType = sourcecode.c.objc; name = ASIDataDecompressor.m; path = "asi-http-request/Classes/ASIDataDecompressor.m"; sourceTree = SOURCE_ROOT; };
		B1391CF4138B441500DAC9D1 /* ASIDownloadCache.h */ = {isa = PBXFileReference; fileEncoding = 4; lastKnownFileType = sourcecode.c.h; name = ASIDownloadCache.h; path = "asi-http-request/Classes/ASIDownloadCache.h"; sourceTree = SOURCE_ROOT; };
		B1391CF5138B441500DAC9D1 /* ASIDownloadCache.m */ = {isa = PBXFileReference; fileEncoding = 4; lastKnownFileType = sourcecode.c.objc; name = ASIDownloadCache.m; path = "asi-http-request/Classes/ASIDownloadCache.m"; sourceTree = SOURCE_ROOT; };
		B1391CF6138B441500DAC9D1 /* ASIFormDataRequest.h */ = {isa = PBXFileReference; fileEncoding = 4; lastKnownFileType = sourcecode.c.h; name = ASIFormDataRequest.h; path = "asi-http-request/Classes/ASIFormDataRequest.h"; sourceTree = SOURCE_ROOT; };
		B1391CF7138B441500DAC9D1 /* ASIFormDataRequest.m */ = {isa = PBXFileReference; fileEncoding = 4; lastKnownFileType = sourcecode.c.objc; name = ASIFormDataRequest.m; path = "asi-http-request/Classes/ASIFormDataRequest.m"; sourceTree = SOURCE_ROOT; };
		B1391CF8138B441500DAC9D1 /* ASIHTTPRequest.h */ = {isa = PBXFileReference; fileEncoding = 4; lastKnownFileType = sourcecode.c.h; name = ASIHTTPRequest.h; path = "asi-http-request/Classes/ASIHTTPRequest.h"; sourceTree = SOURCE_ROOT; };
		B1391CF9138B441500DAC9D1 /* ASIHTTPRequest.m */ = {isa = PBXFileReference; fileEncoding = 4; lastKnownFileType = sourcecode.c.objc; name = ASIHTTPRequest.m; path = "asi-http-request/Classes/ASIHTTPRequest.m"; sourceTree = SOURCE_ROOT; };
		B1391CFA138B441500DAC9D1 /* ASIHTTPRequestConfig.h */ = {isa = PBXFileReference; fileEncoding = 4; lastKnownFileType = sourcecode.c.h; name = ASIHTTPRequestConfig.h; path = "asi-http-request/Classes/ASIHTTPRequestConfig.h"; sourceTree = SOURCE_ROOT; };
		B1391CFB138B441500DAC9D1 /* ASIHTTPRequestDelegate.h */ = {isa = PBXFileReference; fileEncoding = 4; lastKnownFileType = sourcecode.c.h; name = ASIHTTPRequestDelegate.h; path = "asi-http-request/Classes/ASIHTTPRequestDelegate.h"; sourceTree = SOURCE_ROOT; };
		B1391CFC138B441500DAC9D1 /* ASIInputStream.h */ = {isa = PBXFileReference; fileEncoding = 4; lastKnownFileType = sourcecode.c.h; name = ASIInputStream.h; path = "asi-http-request/Classes/ASIInputStream.h"; sourceTree = SOURCE_ROOT; };
		B1391CFD138B441500DAC9D1 /* ASIInputStream.m */ = {isa = PBXFileReference; fileEncoding = 4; lastKnownFileType = sourcecode.c.objc; name = ASIInputStream.m; path = "asi-http-request/Classes/ASIInputStream.m"; sourceTree = SOURCE_ROOT; };
		B1391CFE138B441500DAC9D1 /* ASINetworkQueue.h */ = {isa = PBXFileReference; fileEncoding = 4; lastKnownFileType = sourcecode.c.h; name = ASINetworkQueue.h; path = "asi-http-request/Classes/ASINetworkQueue.h"; sourceTree = SOURCE_ROOT; };
		B1391CFF138B441500DAC9D1 /* ASINetworkQueue.m */ = {isa = PBXFileReference; fileEncoding = 4; lastKnownFileType = sourcecode.c.objc; name = ASINetworkQueue.m; path = "asi-http-request/Classes/ASINetworkQueue.m"; sourceTree = SOURCE_ROOT; };
		B1391D00138B441500DAC9D1 /* ASIProgressDelegate.h */ = {isa = PBXFileReference; fileEncoding = 4; lastKnownFileType = sourcecode.c.h; name = ASIProgressDelegate.h; path = "asi-http-request/Classes/ASIProgressDelegate.h"; sourceTree = SOURCE_ROOT; };
		B1391D0A138B446400DAC9D1 /* SystemConfiguration.framework */ = {isa = PBXFileReference; lastKnownFileType = wrapper.framework; name = SystemConfiguration.framework; path = System/Library/Frameworks/SystemConfiguration.framework; sourceTree = SDKROOT; };
		B1391D0C138B447A00DAC9D1 /* libz.dylib */ = {isa = PBXFileReference; lastKnownFileType = "compiled.mach-o.dylib"; name = libz.dylib; path = usr/lib/libz.dylib; sourceTree = SDKROOT; };
		B1391D0E138B448700DAC9D1 /* CoreServices.framework */ = {isa = PBXFileReference; lastKnownFileType = wrapper.framework; name = CoreServices.framework; path = System/Library/Frameworks/CoreServices.framework; sourceTree = SDKROOT; };
/* End PBXFileReference section */

/* Begin PBXFrameworksBuildPhase section */
		B1391CAB138B410200DAC9D1 /* Frameworks */ = {
			isa = PBXFrameworksBuildPhase;
			buildActionMask = 2147483647;
			files = (
				B1391D0F138B448700DAC9D1 /* CoreServices.framework in Frameworks */,
				B1391D0D138B447A00DAC9D1 /* libz.dylib in Frameworks */,
				B1391D0B138B446400DAC9D1 /* SystemConfiguration.framework in Frameworks */,
				B1391CB3138B410200DAC9D1 /* Cocoa.framework in Frameworks */,
			);
			runOnlyForDeploymentPostprocessing = 0;
		};
		B1391CCB138B410200DAC9D1 /* Frameworks */ = {
			isa = PBXFrameworksBuildPhase;
			buildActionMask = 2147483647;
			files = (
				B1391CD0138B410200DAC9D1 /* Cocoa.framework in Frameworks */,
			);
			runOnlyForDeploymentPostprocessing = 0;
		};
/* End PBXFrameworksBuildPhase section */

/* Begin PBXGroup section */
		B1391CA3138B410200DAC9D1 = {
			isa = PBXGroup;
			children = (
				B1391CEC138B43FF00DAC9D1 /* ASIHTTPRequest */,
				B1391D09138B442400DAC9D1 /* JSONKit */,
				B1391CB8138B410200DAC9D1 /* xTracks */,
				B1391CD3138B410200DAC9D1 /* xTracksTests */,
				B1391CB1138B410200DAC9D1 /* Frameworks */,
				B1391CAF138B410200DAC9D1 /* Products */,
			);
			sourceTree = "<group>";
		};
		B1391CAF138B410200DAC9D1 /* Products */ = {
			isa = PBXGroup;
			children = (
				B1391CAE138B410200DAC9D1 /* xTracks.app */,
				B1391CCF138B410200DAC9D1 /* xTracksTests.octest */,
			);
			name = Products;
			sourceTree = "<group>";
		};
		B1391CB1138B410200DAC9D1 /* Frameworks */ = {
			isa = PBXGroup;
			children = (
				B1391D0E138B448700DAC9D1 /* CoreServices.framework */,
				B1391D0C138B447A00DAC9D1 /* libz.dylib */,
				B1391D0A138B446400DAC9D1 /* SystemConfiguration.framework */,
				B1391CB2138B410200DAC9D1 /* Cocoa.framework */,
				B1391CB4138B410200DAC9D1 /* Other Frameworks */,
			);
			name = Frameworks;
			sourceTree = "<group>";
		};
		B1391CB4138B410200DAC9D1 /* Other Frameworks */ = {
			isa = PBXGroup;
			children = (
				B1391CB5138B410200DAC9D1 /* AppKit.framework */,
				B1391CB6138B410200DAC9D1 /* CoreData.framework */,
				B1391CB7138B410200DAC9D1 /* Foundation.framework */,
			);
			name = "Other Frameworks";
			sourceTree = "<group>";
		};
		B1391CB8138B410200DAC9D1 /* xTracks */ = {
			isa = PBXGroup;
			children = (
				B1391CE9138B42D200DAC9D1 /* PX8tracksAccess.h */,
				B1391CEA138B42D200DAC9D1 /* PX8tracksAccess.m */,
				B1391CC4138B410200DAC9D1 /* xTracksAppDelegate.h */,
				B1391CC5138B410200DAC9D1 /* xTracksAppDelegate.m */,
				B1391CC7138B410200DAC9D1 /* MainMenu.xib */,
				B1391CB9138B410200DAC9D1 /* Supporting Files */,
			);
			path = xTracks;
			sourceTree = "<group>";
		};
		B1391CB9138B410200DAC9D1 /* Supporting Files */ = {
			isa = PBXGroup;
			children = (
				B1391CBA138B410200DAC9D1 /* xTracks-Info.plist */,
				B1391CBB138B410200DAC9D1 /* InfoPlist.strings */,
				B1391CBE138B410200DAC9D1 /* xTracks-Prefix.pch */,
				B1391CBF138B410200DAC9D1 /* main.m */,
				B1391CC1138B410200DAC9D1 /* Credits.rtf */,
			);
			name = "Supporting Files";
			sourceTree = "<group>";
		};
		B1391CD3138B410200DAC9D1 /* xTracksTests */ = {
			isa = PBXGroup;
			children = (
				B1391CDA138B410200DAC9D1 /* xTracksTests.h */,
				B1391CDC138B410200DAC9D1 /* xTracksTests.m */,
				B1391CD4138B410200DAC9D1 /* Supporting Files */,
			);
			path = xTracksTests;
			sourceTree = "<group>";
		};
		B1391CD4138B410200DAC9D1 /* Supporting Files */ = {
			isa = PBXGroup;
			children = (
				B1391CD5138B410200DAC9D1 /* xTracksTests-Info.plist */,
				B1391CD6138B410200DAC9D1 /* InfoPlist.strings */,
				B1391CD9138B410200DAC9D1 /* xTracksTests-Prefix.pch */,
			);
			name = "Supporting Files";
			sourceTree = "<group>";
		};
		B1391CEC138B43FF00DAC9D1 /* ASIHTTPRequest */ = {
			isa = PBXGroup;
			children = (
				B1391CEF138B441500DAC9D1 /* ASICacheDelegate.h */,
				B1391CF0138B441500DAC9D1 /* ASIDataCompressor.h */,
				B1391CF1138B441500DAC9D1 /* ASIDataCompressor.m */,
				B1391CF2138B441500DAC9D1 /* ASIDataDecompressor.h */,
				B1391CF3138B441500DAC9D1 /* ASIDataDecompressor.m */,
				B1391CF4138B441500DAC9D1 /* ASIDownloadCache.h */,
				B1391CF5138B441500DAC9D1 /* ASIDownloadCache.m */,
				B1391CF6138B441500DAC9D1 /* ASIFormDataRequest.h */,
				B1391CF7138B441500DAC9D1 /* ASIFormDataRequest.m */,
				B1391CF8138B441500DAC9D1 /* ASIHTTPRequest.h */,
				B1391CF9138B441500DAC9D1 /* ASIHTTPRequest.m */,
				B1391CFA138B441500DAC9D1 /* ASIHTTPRequestConfig.h */,
				B1391CFB138B441500DAC9D1 /* ASIHTTPRequestDelegate.h */,
				B1391CFC138B441500DAC9D1 /* ASIInputStream.h */,
				B1391CFD138B441500DAC9D1 /* ASIInputStream.m */,
				B1391CFE138B441500DAC9D1 /* ASINetworkQueue.h */,
				B1391CFF138B441500DAC9D1 /* ASINetworkQueue.m */,
				B1391D00138B441500DAC9D1 /* ASIProgressDelegate.h */,
			);
			name = ASIHTTPRequest;
			path = xTracks;
			sourceTree = "<group>";
		};
		B1391D09138B442400DAC9D1 /* JSONKit */ = {
			isa = PBXGroup;
			children = (
				B1391CE6138B429800DAC9D1 /* JSONKit.h */,
				B1391CE7138B429800DAC9D1 /* JSONKit.m */,
			);
			name = JSONKit;
			path = xTracks;
			sourceTree = "<group>";
		};
/* End PBXGroup section */

/* Begin PBXNativeTarget section */
		B1391CAD138B410200DAC9D1 /* xTracks */ = {
			isa = PBXNativeTarget;
			buildConfigurationList = B1391CE0138B410200DAC9D1 /* Build configuration list for PBXNativeTarget "xTracks" */;
			buildPhases = (
				B1391CAA138B410200DAC9D1 /* Sources */,
				B1391CAB138B410200DAC9D1 /* Frameworks */,
				B1391CAC138B410200DAC9D1 /* Resources */,
			);
			buildRules = (
			);
			dependencies = (
			);
			name = xTracks;
			productName = xTracks;
			productReference = B1391CAE138B410200DAC9D1 /* xTracks.app */;
			productType = "com.apple.product-type.application";
		};
		B1391CCE138B410200DAC9D1 /* xTracksTests */ = {
			isa = PBXNativeTarget;
			buildConfigurationList = B1391CE3138B410200DAC9D1 /* Build configuration list for PBXNativeTarget "xTracksTests" */;
			buildPhases = (
				B1391CCA138B410200DAC9D1 /* Sources */,
				B1391CCB138B410200DAC9D1 /* Frameworks */,
				B1391CCC138B410200DAC9D1 /* Resources */,
				B1391CCD138B410200DAC9D1 /* ShellScript */,
			);
			buildRules = (
			);
			dependencies = (
				B1391CD2138B410200DAC9D1 /* PBXTargetDependency */,
			);
			name = xTracksTests;
			productName = xTracksTests;
			productReference = B1391CCF138B410200DAC9D1 /* xTracksTests.octest */;
			productType = "com.apple.product-type.bundle";
		};
/* End PBXNativeTarget section */

/* Begin PBXProject section */
		B1391CA5138B410200DAC9D1 /* Project object */ = {
			isa = PBXProject;
			attributes = {
				ORGANIZATIONNAME = "Will Ross";
			};
			buildConfigurationList = B1391CA8138B410200DAC9D1 /* Build configuration list for PBXProject "xTracks" */;
			compatibilityVersion = "Xcode 3.2";
			developmentRegion = English;
			hasScannedForEncodings = 0;
			knownRegions = (
				en,
			);
			mainGroup = B1391CA3138B410200DAC9D1;
			productRefGroup = B1391CAF138B410200DAC9D1 /* Products */;
			projectDirPath = "";
			projectRoot = "";
			targets = (
				B1391CAD138B410200DAC9D1 /* xTracks */,
				B1391CCE138B410200DAC9D1 /* xTracksTests */,
			);
		};
/* End PBXProject section */

/* Begin PBXResourcesBuildPhase section */
		B1391CAC138B410200DAC9D1 /* Resources */ = {
			isa = PBXResourcesBuildPhase;
			buildActionMask = 2147483647;
			files = (
				B1391CBD138B410200DAC9D1 /* InfoPlist.strings in Resources */,
				B1391CC3138B410200DAC9D1 /* Credits.rtf in Resources */,
				B1391CC9138B410200DAC9D1 /* MainMenu.xib in Resources */,
			);
			runOnlyForDeploymentPostprocessing = 0;
		};
		B1391CCC138B410200DAC9D1 /* Resources */ = {
			isa = PBXResourcesBuildPhase;
			buildActionMask = 2147483647;
			files = (
				B1391CD8138B410200DAC9D1 /* InfoPlist.strings in Resources */,
				B1391CDB138B410200DAC9D1 /* xTracksTests.h in Resources */,
			);
			runOnlyForDeploymentPostprocessing = 0;
		};
/* End PBXResourcesBuildPhase section */

/* Begin PBXShellScriptBuildPhase section */
		B1391CCD138B410200DAC9D1 /* ShellScript */ = {
			isa = PBXShellScriptBuildPhase;
			buildActionMask = 2147483647;
			files = (
			);
			inputPaths = (
			);
			outputPaths = (
			);
			runOnlyForDeploymentPostprocessing = 0;
			shellPath = /bin/sh;
			shellScript = "# Run the unit tests in this test bundle.\n\"${SYSTEM_DEVELOPER_DIR}/Tools/RunUnitTests\"\n";
		};
/* End PBXShellScriptBuildPhase section */

/* Begin PBXSourcesBuildPhase section */
		B1391CAA138B410200DAC9D1 /* Sources */ = {
			isa = PBXSourcesBuildPhase;
			buildActionMask = 2147483647;
			files = (
				B1391CC0138B410200DAC9D1 /* main.m in Sources */,
				B1391CC6138B410200DAC9D1 /* xTracksAppDelegate.m in Sources */,
				B1391CE8138B429800DAC9D1 /* JSONKit.m in Sources */,
				B1391CEB138B42D200DAC9D1 /* PX8tracksAccess.m in Sources */,
				B1391D02138B441500DAC9D1 /* ASIDataCompressor.m in Sources */,
				B1391D03138B441500DAC9D1 /* ASIDataDecompressor.m in Sources */,
				B1391D04138B441500DAC9D1 /* ASIDownloadCache.m in Sources */,
				B1391D05138B441500DAC9D1 /* ASIFormDataRequest.m in Sources */,
				B1391D06138B441500DAC9D1 /* ASIHTTPRequest.m in Sources */,
				B1391D07138B441500DAC9D1 /* ASIInputStream.m in Sources */,
				B1391D08138B441500DAC9D1 /* ASINetworkQueue.m in Sources */,
			);
			runOnlyForDeploymentPostprocessing = 0;
		};
		B1391CCA138B410200DAC9D1 /* Sources */ = {
			isa = PBXSourcesBuildPhase;
			buildActionMask = 2147483647;
			files = (
				B1391CDD138B410200DAC9D1 /* xTracksTests.m in Sources */,
			);
			runOnlyForDeploymentPostprocessing = 0;
		};
/* End PBXSourcesBuildPhase section */

/* Begin PBXTargetDependency section */
		B1391CD2138B410200DAC9D1 /* PBXTargetDependency */ = {
			isa = PBXTargetDependency;
			target = B1391CAD138B410200DAC9D1 /* xTracks */;
			targetProxy = B1391CD1138B410200DAC9D1 /* PBXContainerItemProxy */;
		};
/* End PBXTargetDependency section */

/* Begin PBXVariantGroup section */
		B1391CBB138B410200DAC9D1 /* InfoPlist.strings */ = {
			isa = PBXVariantGroup;
			children = (
				B1391CBC138B410200DAC9D1 /* en */,
			);
			name = InfoPlist.strings;
			sourceTree = "<group>";
		};
		B1391CC1138B410200DAC9D1 /* Credits.rtf */ = {
			isa = PBXVariantGroup;
			children = (
				B1391CC2138B410200DAC9D1 /* en */,
			);
			name = Credits.rtf;
			sourceTree = "<group>";
		};
		B1391CC7138B410200DAC9D1 /* MainMenu.xib */ = {
			isa = PBXVariantGroup;
			children = (
				B1391CC8138B410200DAC9D1 /* en */,
			);
			name = MainMenu.xib;
			sourceTree = "<group>";
		};
		B1391CD6138B410200DAC9D1 /* InfoPlist.strings */ = {
			isa = PBXVariantGroup;
			children = (
				B1391CD7138B410200DAC9D1 /* en */,
			);
			name = InfoPlist.strings;
			sourceTree = "<group>";
		};
/* End PBXVariantGroup section */

/* Begin XCBuildConfiguration section */
		B1391CDE138B410200DAC9D1 /* Debug */ = {
			isa = XCBuildConfiguration;
			buildSettings = {
				ARCHS = "$(ARCHS_STANDARD_32_64_BIT)";
				GCC_C_LANGUAGE_STANDARD = gnu99;
				GCC_OPTIMIZATION_LEVEL = 0;
				GCC_PREPROCESSOR_DEFINITIONS = DEBUG;
				GCC_SYMBOLS_PRIVATE_EXTERN = NO;
				GCC_VERSION = com.apple.compilers.llvm.clang.1_0;
				GCC_WARN_64_TO_32_BIT_CONVERSION = YES;
				GCC_WARN_ABOUT_RETURN_TYPE = YES;
				GCC_WARN_UNUSED_VARIABLE = YES;
				MACOSX_DEPLOYMENT_TARGET = 10.6;
				ONLY_ACTIVE_ARCH = YES;
				SDKROOT = macosx;
			};
			name = Debug;
		};
		B1391CDF138B410200DAC9D1 /* Release */ = {
			isa = XCBuildConfiguration;
			buildSettings = {
				ARCHS = "$(ARCHS_STANDARD_32_64_BIT)";
				GCC_C_LANGUAGE_STANDARD = gnu99;
				GCC_VERSION = com.apple.compilers.llvm.clang.1_0;
				GCC_WARN_64_TO_32_BIT_CONVERSION = YES;
				GCC_WARN_ABOUT_RETURN_TYPE = YES;
				GCC_WARN_UNUSED_VARIABLE = YES;
				MACOSX_DEPLOYMENT_TARGET = 10.6;
				SDKROOT = macosx;
			};
			name = Release;
		};
		B1391CE1138B410200DAC9D1 /* Debug */ = {
			isa = XCBuildConfiguration;
			buildSettings = {
				ALWAYS_SEARCH_USER_PATHS = NO;
				COPY_PHASE_STRIP = NO;
				GCC_DYNAMIC_NO_PIC = NO;
				GCC_ENABLE_OBJC_EXCEPTIONS = YES;
				GCC_PRECOMPILE_PREFIX_HEADER = YES;
				GCC_PREFIX_HEADER = "xTracks/xTracks-Prefix.pch";
				INFOPLIST_FILE = "xTracks/xTracks-Info.plist";
				PRODUCT_NAME = "$(TARGET_NAME)";
				WRAPPER_EXTENSION = app;
			};
			name = Debug;
		};
		B1391CE2138B410200DAC9D1 /* Release */ = {
			isa = XCBuildConfiguration;
			buildSettings = {
				ALWAYS_SEARCH_USER_PATHS = NO;
				COPY_PHASE_STRIP = YES;
				DEBUG_INFORMATION_FORMAT = "dwarf-with-dsym";
				GCC_ENABLE_OBJC_EXCEPTIONS = YES;
				GCC_PRECOMPILE_PREFIX_HEADER = YES;
				GCC_PREFIX_HEADER = "xTracks/xTracks-Prefix.pch";
				INFOPLIST_FILE = "xTracks/xTracks-Info.plist";
				PRODUCT_NAME = "$(TARGET_NAME)";
				WRAPPER_EXTENSION = app;
			};
			name = Release;
		};
		B1391CE4138B410200DAC9D1 /* Debug */ = {
			isa = XCBuildConfiguration;
			buildSettings = {
				ALWAYS_SEARCH_USER_PATHS = NO;
				BUNDLE_LOADER = "$(BUILT_PRODUCTS_DIR)/xTracks.app/Contents/MacOS/xTracks";
				COPY_PHASE_STRIP = NO;
				FRAMEWORK_SEARCH_PATHS = "$(DEVELOPER_LIBRARY_DIR)/Frameworks";
				GCC_DYNAMIC_NO_PIC = NO;
				GCC_ENABLE_OBJC_EXCEPTIONS = YES;
				GCC_PRECOMPILE_PREFIX_HEADER = YES;
				GCC_PREFIX_HEADER = "xTracksTests/xTracksTests-Prefix.pch";
				INFOPLIST_FILE = "xTracksTests/xTracksTests-Info.plist";
				OTHER_LDFLAGS = (
					"-framework",
					SenTestingKit,
				);
				PRODUCT_NAME = "$(TARGET_NAME)";
				TEST_HOST = "$(BUNDLE_LOADER)";
				WRAPPER_EXTENSION = octest;
			};
			name = Debug;
		};
		B1391CE5138B410200DAC9D1 /* Release */ = {
			isa = XCBuildConfiguration;
			buildSettings = {
				ALWAYS_SEARCH_USER_PATHS = NO;
				BUNDLE_LOADER = "$(BUILT_PRODUCTS_DIR)/xTracks.app/Contents/MacOS/xTracks";
				COPY_PHASE_STRIP = YES;
				DEBUG_INFORMATION_FORMAT = "dwarf-with-dsym";
				FRAMEWORK_SEARCH_PATHS = "$(DEVELOPER_LIBRARY_DIR)/Frameworks";
				GCC_ENABLE_OBJC_EXCEPTIONS = YES;
				GCC_PRECOMPILE_PREFIX_HEADER = YES;
				GCC_PREFIX_HEADER = "xTracksTests/xTracksTests-Prefix.pch";
				INFOPLIST_FILE = "xTracksTests/xTracksTests-Info.plist";
				OTHER_LDFLAGS = (
					"-framework",
					SenTestingKit,
				);
				PRODUCT_NAME = "$(TARGET_NAME)";
				TEST_HOST = "$(BUNDLE_LOADER)";
				WRAPPER_EXTENSION = octest;
			};
			name = Release;
		};
/* End XCBuildConfiguration section */

/* Begin XCConfigurationList section */
		B1391CA8138B410200DAC9D1 /* Build configuration list for PBXProject "xTracks" */ = {
			isa = XCConfigurationList;
			buildConfigurations = (
				B1391CDE138B410200DAC9D1 /* Debug */,
				B1391CDF138B410200DAC9D1 /* Release */,
			);
			defaultConfigurationIsVisible = 0;
			defaultConfigurationName = Release;
		};
		B1391CE0138B410200DAC9D1 /* Build configuration list for PBXNativeTarget "xTracks" */ = {
			isa = XCConfigurationList;
			buildConfigurations = (
				B1391CE1138B410200DAC9D1 /* Debug */,
				B1391CE2138B410200DAC9D1 /* Release */,
			);
			defaultConfigurationIsVisible = 0;
		};
		B1391CE3138B410200DAC9D1 /* Build configuration list for PBXNativeTarget "xTracksTests" */ = {
			isa = XCConfigurationList;
			buildConfigurations = (
				B1391CE4138B410200DAC9D1 /* Debug */,
				B1391CE5138B410200DAC9D1 /* Release */,
			);
			defaultConfigurationIsVisible = 0;
		};
/* End XCConfigurationList section */
	};
	rootObject = B1391CA5138B410200DAC9D1 /* Project object */;
}
